
Microsoft Visual Studio Solution File, Format Version 12.00
# Visual Studio Version 16
VisualStudioVersion = 16.0.30128.74
MinimumVisualStudioVersion = 10.0.40219.1
Project("{9A19103F-16F7-4668-BE54-9A1E7A4F7556}") = "ExperimentsWithSelenium", "ExperimentsWithSelenium\ExperimentsWithSelenium.csproj", "{D2ABC4DD-B883-4482-A340-BF3F3DF32303}"
EndProject
Global
	GlobalSection(SolutionConfigurationPlatforms) = preSolution
		Debug|Any CPU = Debug|Any CPU
		Release|Any CPU = Release|Any CPU
	EndGlobalSection
	GlobalSection(ProjectConfigurationPlatforms) = postSolution
		{D2ABC4DD-B883-4482-A340-BF3F3DF32303}.Debug|Any CPU.ActiveCfg = Debug|Any CPU
		{D2ABC4DD-B883-4482-A340-BF3F3DF32303}.Debug|Any CPU.Build.0 = Debug|Any CPU
		{D2ABC4DD-B883-4482-A340-BF3F3DF32303}.Release|Any CPU.ActiveCfg = Release|Any CPU
		{D2ABC4DD-B883-4482-A340-BF3F3DF32303}.Release|Any CPU.Build.0 = Release|Any CPU
	EndGlobalSection
	GlobalSection(SolutionProperties) = preSolution
		HideSolutionNode = FALSE
	EndGlobalSection
	GlobalSection(ExtensibilityGlobals) = postSolution
		SolutionGuid = {916F5F10-787A-4150-AECD-7C7B58A63FD8}
	EndGlobalSection
EndGlobal
